// !$*UTF8*$!
{
	archiveVersion = 1;
	classes = {
	};
	objectVersion = 50;
	objects = {

/* Begin PBXBuildFile section */
		BB064EE421E74C0200BEE89B /* tableviewViewController.swift in Sources */ = {isa = PBXBuildFile; fileRef = BB064EE321E74C0200BEE89B /* tableviewViewController.swift */; };
		BB064EE621E74E2800BEE89B /* account.swift in Sources */ = {isa = PBXBuildFile; fileRef = BB064EE521E74E2800BEE89B /* account.swift */; };
		BB064EE821E74E4000BEE89B /* makeViewController.swift in Sources */ = {isa = PBXBuildFile; fileRef = BB064EE721E74E4000BEE89B /* makeViewController.swift */; };
		BBA5BD4321EAF38900360938 /* GoogleService-Info-4.plist in Resources */ = {isa = PBXBuildFile; fileRef = BBA5BD4221EAF38900360938 /* GoogleService-Info-4.plist */; };
		BBA5BD4521EAF53100360938 /* LoginViewController.swift in Sources */ = {isa = PBXBuildFile; fileRef = BBA5BD4421EAF53100360938 /* LoginViewController.swift */; };
		BBA5BD4721EAF60500360938 /* NewUserViewController.swift in Sources */ = {isa = PBXBuildFile; fileRef = BBA5BD4621EAF60500360938 /* NewUserViewController.swift */; };
		BBA5BD4921EAFEF500360938 /* FirstViewController.swift in Sources */ = {isa = PBXBuildFile; fileRef = BBA5BD4821EAFEF500360938 /* FirstViewController.swift */; };
		BBA5BD4B21EB017C00360938 /* begintabbarViewController.swift in Sources */ = {isa = PBXBuildFile; fileRef = BBA5BD4A21EB017C00360938 /* begintabbarViewController.swift */; };
		BBAE7CDB21CD05F400C30084 /* AppDelegate.swift in Sources */ = {isa = PBXBuildFile; fileRef = BBAE7CDA21CD05F400C30084 /* AppDelegate.swift */; };
		BBAE7CDD21CD05F400C30084 /* ViewController.swift in Sources */ = {isa = PBXBuildFile; fileRef = BBAE7CDC21CD05F400C30084 /* ViewController.swift */; };
		BBAE7CE021CD05F400C30084 /* Main.storyboard in Resources */ = {isa = PBXBuildFile; fileRef = BBAE7CDE21CD05F400C30084 /* Main.storyboard */; };
		BBAE7CE221CD05F500C30084 /* Assets.xcassets in Resources */ = {isa = PBXBuildFile; fileRef = BBAE7CE121CD05F500C30084 /* Assets.xcassets */; };
		BBAE7CE521CD05F500C30084 /* LaunchScreen.storyboard in Resources */ = {isa = PBXBuildFile; fileRef = BBAE7CE321CD05F500C30084 /* LaunchScreen.storyboard */; };
		E0B8A98D5CBCE6A0C7DBD961 /* Pods_Quizfirebase.framework in Frameworks */ = {isa = PBXBuildFile; fileRef = B1642291744517B3BBCF1817 /* Pods_Quizfirebase.framework */; };
/* End PBXBuildFile section */

/* Begin PBXFileReference section */
		A76026F64D0D8832DDC3D35D /* Pods-Quizfirebase.debug.xcconfig */ = {isa = PBXFileReference; includeInIndex = 1; lastKnownFileType = text.xcconfig; name = "Pods-Quizfirebase.debug.xcconfig"; path = "Pods/Target Support Files/Pods-Quizfirebase/Pods-Quizfirebase.debug.xcconfig"; sourceTree = "<group>"; };
		B1642291744517B3BBCF1817 /* Pods_Quizfirebase.framework */ = {isa = PBXFileReference; explicitFileType = wrapper.framework; includeInIndex = 0; path = Pods_Quizfirebase.framework; sourceTree = BUILT_PRODUCTS_DIR; };
		BB064EE321E74C0200BEE89B /* tableviewViewController.swift */ = {isa = PBXFileReference; lastKnownFileType = sourcecode.swift; path = tableviewViewController.swift; sourceTree = "<group>"; };
		BB064EE521E74E2800BEE89B /* account.swift */ = {isa = PBXFileReference; lastKnownFileType = sourcecode.swift; path = account.swift; sourceTree = "<group>"; };
		BB064EE721E74E4000BEE89B /* makeViewController.swift */ = {isa = PBXFileReference; lastKnownFileType = sourcecode.swift; path = makeViewController.swift; sourceTree = "<group>"; };
		BBA5BD4221EAF38900360938 /* GoogleService-Info-4.plist */ = {isa = PBXFileReference; fileEncoding = 4; lastKnownFileType = text.plist.xml; path = "GoogleService-Info-4.plist"; sourceTree = "<group>"; };
		BBA5BD4421EAF53100360938 /* LoginViewController.swift */ = {isa = PBXFileReference; lastKnownFileType = sourcecode.swift; path = LoginViewController.swift; sourceTree = "<group>"; };
		BBA5BD4621EAF60500360938 /* NewUserViewController.swift */ = {isa = PBXFileReference; lastKnownFileType = sourcecode.swift; path = NewUserViewController.swift; sourceTree = "<group>"; };
		BBA5BD4821EAFEF500360938 /* FirstViewController.swift */ = {isa = PBXFileReference; lastKnownFileType = sourcecode.swift; path = FirstViewController.swift; sourceTree = "<group>"; };
		BBA5BD4A21EB017C00360938 /* begintabbarViewController.swift */ = {isa = PBXFileReference; lastKnownFileType = sourcecode.swift; path = begintabbarViewController.swift; sourceTree = "<group>"; };
		BBAE7CD721CD05F400C30084 /* Quizfirebase.app */ = {isa = PBXFileReference; explicitFileType = wrapper.application; includeInIndex = 0; path = Quizfirebase.app; sourceTree = BUILT_PRODUCTS_DIR; };
		BBAE7CDA21CD05F400C30084 /* AppDelegate.swift */ = {isa = PBXFileReference; lastKnownFileType = sourcecode.swift; path = AppDelegate.swift; sourceTree = "<group>"; };
		BBAE7CDC21CD05F400C30084 /* ViewController.swift */ = {isa = PBXFileReference; lastKnownFileType = sourcecode.swift; path = ViewController.swift; sourceTree = "<group>"; };
		BBAE7CDF21CD05F400C30084 /* Base */ = {isa = PBXFileReference; lastKnownFileType = file.storyboard; name = Base; path = Base.lproj/Main.storyboard; sourceTree = "<group>"; };
		BBAE7CE121CD05F500C30084 /* Assets.xcassets */ = {isa = PBXFileReference; lastKnownFileType = folder.assetcatalog; path = Assets.xcassets; sourceTree = "<group>"; };
		BBAE7CE421CD05F500C30084 /* Base */ = {isa = PBXFileReference; lastKnownFileType = file.storyboard; name = Base; path = Base.lproj/LaunchScreen.storyboard; sourceTree = "<group>"; };
		BBAE7CE621CD05F500C30084 /* Info.plist */ = {isa = PBXFileReference; lastKnownFileType = text.plist.xml; path = Info.plist; sourceTree = "<group>"; };
		DAD85EF38A342961EFAA271A /* Pods-Quizfirebase.release.xcconfig */ = {isa = PBXFileReference; includeInIndex = 1; lastKnownFileType = text.xcconfig; name = "Pods-Quizfirebase.release.xcconfig"; path = "Pods/Target Support Files/Pods-Quizfirebase/Pods-Quizfirebase.release.xcconfig"; sourceTree = "<group>"; };
/* End PBXFileReference section */

/* Begin PBXFrameworksBuildPhase section */
		BBAE7CD421CD05F400C30084 /* Frameworks */ = {
			isa = PBXFrameworksBuildPhase;
			buildActionMask = 2147483647;
			files = (
				E0B8A98D5CBCE6A0C7DBD961 /* Pods_Quizfirebase.framework in Frameworks */,
			);
			runOnlyForDeploymentPostprocessing = 0;
		};
/* End PBXFrameworksBuildPhase section */

/* Begin PBXGroup section */
		57E079EBF650AC3EA91C0BB4 /* Frameworks */ = {
			isa = PBXGroup;
			children = (
				B1642291744517B3BBCF1817 /* Pods_Quizfirebase.framework */,
			);
			name = Frameworks;
			sourceTree = "<group>";
		};
		AE602E1651B1C8AF38DE21C9 /* Pods */ = {
			isa = PBXGroup;
			children = (
				A76026F64D0D8832DDC3D35D /* Pods-Quizfirebase.debug.xcconfig */,
				DAD85EF38A342961EFAA271A /* Pods-Quizfirebase.release.xcconfig */,
			);
			name = Pods;
			sourceTree = "<group>";
		};
		BBAE7CCE21CD05F400C30084 = {
			isa = PBXGroup;
			children = (
				BBAE7CD921CD05F400C30084 /* Quizfirebase */,
				BBAE7CD821CD05F400C30084 /* Products */,
				AE602E1651B1C8AF38DE21C9 /* Pods */,
				57E079EBF650AC3EA91C0BB4 /* Frameworks */,
			);
			sourceTree = "<group>";
		};
		BBAE7CD821CD05F400C30084 /* Products */ = {
			isa = PBXGroup;
			children = (
				BBAE7CD721CD05F400C30084 /* Quizfirebase.app */,
			);
			name = Products;
			sourceTree = "<group>";
		};
		BBAE7CD921CD05F400C30084 /* Quizfirebase */ = {
			isa = PBXGroup;
			children = (
				BBAE7CDA21CD05F400C30084 /* AppDelegate.swift */,
				BBA5BD4821EAFEF500360938 /* FirstViewController.swift */,
				BBAE7CDC21CD05F400C30084 /* ViewController.swift */,
				BB064EE321E74C0200BEE89B /* tableviewViewController.swift */,
				BB064EE521E74E2800BEE89B /* account.swift */,
				BB064EE721E74E4000BEE89B /* makeViewController.swift */,
				BBA5BD4421EAF53100360938 /* LoginViewController.swift */,
				BBA5BD4621EAF60500360938 /* NewUserViewController.swift */,
				BBA5BD4A21EB017C00360938 /* begintabbarViewController.swift */,
				BBAE7CDE21CD05F400C30084 /* Main.storyboard */,
				BBAE7CE121CD05F500C30084 /* Assets.xcassets */,
				BBAE7CE321CD05F500C30084 /* LaunchScreen.storyboard */,
				BBAE7CE621CD05F500C30084 /* Info.plist */,
				BBA5BD4221EAF38900360938 /* GoogleService-Info-4.plist */,
			);
			path = Quizfirebase;
			sourceTree = "<group>";
		};
/* End PBXGroup section */

/* Begin PBXNativeTarget section */
		BBAE7CD621CD05F400C30084 /* Quizfirebase */ = {
			isa = PBXNativeTarget;
			buildConfigurationList = BBAE7CE921CD05F500C30084 /* Build configuration list for PBXNativeTarget "Quizfirebase" */;
			buildPhases = (
				37717B099D93B23341CD39A5 /* [CP] Check Pods Manifest.lock */,
				BBAE7CD321CD05F400C30084 /* Sources */,
				BBAE7CD421CD05F400C30084 /* Frameworks */,
				BBAE7CD521CD05F400C30084 /* Resources */,
				14C2341A8CB1513CEECB3B5E /* [CP] Embed Pods Frameworks */,
			);
			buildRules = (
			);
			dependencies = (
			);
			name = Quizfirebase;
			productName = Quizfirebase;
			productReference = BBAE7CD721CD05F400C30084 /* Quizfirebase.app */;
			productType = "com.apple.product-type.application";
		};
/* End PBXNativeTarget section */

/* Begin PBXProject section */
		BBAE7CCF21CD05F400C30084 /* Project object */ = {
			isa = PBXProject;
			attributes = {
				LastSwiftUpdateCheck = 1000;
				LastUpgradeCheck = 1000;
				ORGANIZATIONNAME = "湯浅克巳";
				TargetAttributes = {
					BBAE7CD621CD05F400C30084 = {
						CreatedOnToolsVersion = 10.0;
					};
				};
			};
			buildConfigurationList = BBAE7CD221CD05F400C30084 /* Build configuration list for PBXProject "Quizfirebase" */;
			compatibilityVersion = "Xcode 9.3";
			developmentRegion = en;
			hasScannedForEncodings = 0;
			knownRegions = (
				en,
				Base,
			);
			mainGroup = BBAE7CCE21CD05F400C30084;
			productRefGroup = BBAE7CD821CD05F400C30084 /* Products */;
			projectDirPath = "";
			projectRoot = "";
			targets = (
				BBAE7CD621CD05F400C30084 /* Quizfirebase */,
			);
		};
/* End PBXProject section */

/* Begin PBXResourcesBuildPhase section */
		BBAE7CD521CD05F400C30084 /* Resources */ = {
			isa = PBXResourcesBuildPhase;
			buildActionMask = 2147483647;
			files = (
				BBA5BD4321EAF38900360938 /* GoogleService-Info-4.plist in Resources */,
				BBAE7CE521CD05F500C30084 /* LaunchScreen.storyboard in Resources */,
				BBAE7CE221CD05F500C30084 /* Assets.xcassets in Resources */,
				BBAE7CE021CD05F400C30084 /* Main.storyboard in Resources */,
			);
			runOnlyForDeploymentPostprocessing = 0;
		};
/* End PBXResourcesBuildPhase section */

/* Begin PBXShellScriptBuildPhase section */
		14C2341A8CB1513CEECB3B5E /* [CP] Embed Pods Frameworks */ = {
			isa = PBXShellScriptBuildPhase;
			buildActionMask = 2147483647;
			files = (
			);
			inputFileListPaths = (
			);
			inputPaths = (
				"${SRCROOT}/Pods/Target Support Files/Pods-Quizfirebase/Pods-Quizfirebase-frameworks.sh",
				"${BUILT_PRODUCTS_DIR}/GTMSessionFetcher/GTMSessionFetcher.framework",
				"${BUILT_PRODUCTS_DIR}/GoogleUtilities/GoogleUtilities.framework",
				"${BUILT_PRODUCTS_DIR}/leveldb-library/leveldb.framework",
				"${BUILT_PRODUCTS_DIR}/nanopb/nanopb.framework",
			);
			name = "[CP] Embed Pods Frameworks";
			outputFileListPaths = (
			);
			outputPaths = (
				"${TARGET_BUILD_DIR}/${FRAMEWORKS_FOLDER_PATH}/GTMSessionFetcher.framework",
				"${TARGET_BUILD_DIR}/${FRAMEWORKS_FOLDER_PATH}/GoogleUtilities.framework",
				"${TARGET_BUILD_DIR}/${FRAMEWORKS_FOLDER_PATH}/leveldb.framework",
				"${TARGET_BUILD_DIR}/${FRAMEWORKS_FOLDER_PATH}/nanopb.framework",
			);
			runOnlyForDeploymentPostprocessing = 0;
			shellPath = /bin/sh;
			shellScript = "\"${SRCROOT}/Pods/Target Support Files/Pods-Quizfirebase/Pods-Quizfirebase-frameworks.sh\"\n";
			showEnvVarsInLog = 0;
		};
		37717B099D93B23341CD39A5 /* [CP] Check Pods Manifest.lock */ = {
			isa = PBXShellScriptBuildPhase;
			buildActionMask = 2147483647;
			files = (
			);
			inputFileListPaths = (
			);
			inputPaths = (
				"${PODS_PODFILE_DIR_PATH}/Podfile.lock",
				"${PODS_ROOT}/Manifest.lock",
			);
			name = "[CP] Check Pods Manifest.lock";
			outputFileListPaths = (
			);
			outputPaths = (
				"$(DERIVED_FILE_DIR)/Pods-Quizfirebase-checkManifestLockResult.txt",
			);
			runOnlyForDeploymentPostprocessing = 0;
			shellPath = /bin/sh;
			shellScript = "diff \"${PODS_PODFILE_DIR_PATH}/Podfile.lock\" \"${PODS_ROOT}/Manifest.lock\" > /dev/null\nif [ $? != 0 ] ; then\n    # print error to STDERR\n    echo \"error: The sandbox is not in sync with the Podfile.lock. Run 'pod install' or update your CocoaPods installation.\" >&2\n    exit 1\nfi\n# This output is used by Xcode 'outputs' to avoid re-running this script phase.\necho \"SUCCESS\" > \"${SCRIPT_OUTPUT_FILE_0}\"\n";
			showEnvVarsInLog = 0;
		};
/* End PBXShellScriptBuildPhase section */

/* Begin PBXSourcesBuildPhase section */
		BBAE7CD321CD05F400C30084 /* Sources */ = {
			isa = PBXSourcesBuildPhase;
			buildActionMask = 2147483647;
			files = (
				BBA5BD4521EAF53100360938 /* LoginViewController.swift in Sources */,
				BBA5BD4B21EB017C00360938 /* begintabbarViewController.swift in Sources */,
				BB064EE421E74C0200BEE89B /* tableviewViewController.swift in Sources */,
				BB064EE621E74E2800BEE89B /* account.swift in Sources */,
				BBA5BD4921EAFEF500360938 /* FirstViewController.swift in Sources */,
				BBAE7CDD21CD05F400C30084 /* ViewController.swift in Sources */,
				BBAE7CDB21CD05F400C30084 /* AppDelegate.swift in Sources */,
				BB064EE821E74E4000BEE89B /* makeViewController.swift in Sources */,
				BBA5BD4721EAF60500360938 /* NewUserViewController.swift in Sources */,
			);
			runOnlyForDeploymentPostprocessing = 0;
		};
/* End PBXSourcesBuildPhase section */

/* Begin PBXVariantGroup section */
		BBAE7CDE21CD05F400C30084 /* Main.storyboard */ = {
			isa = PBXVariantGroup;
			children = (
				BBAE7CDF21CD05F400C30084 /* Base */,
			);
			name = Main.storyboard;
			sourceTree = "<group>";
		};
		BBAE7CE321CD05F500C30084 /* LaunchScreen.storyboard */ = {
			isa = PBXVariantGroup;
			children = (
				BBAE7CE421CD05F500C30084 /* Base */,
			);
			name = LaunchScreen.storyboard;
			sourceTree = "<group>";
		};
/* End PBXVariantGroup section */

/* Begin XCBuildConfiguration section */
		BBAE7CE721CD05F500C30084 /* Debug */ = {
			isa = XCBuildConfiguration;
			buildSettings = {
				ALWAYS_SEARCH_USER_PATHS = NO;
				CLANG_ANALYZER_NONNULL = YES;
				CLANG_ANALYZER_NUMBER_OBJECT_CONVERSION = YES_AGGRESSIVE;
				CLANG_CXX_LANGUAGE_STANDARD = "gnu++14";
				CLANG_CXX_LIBRARY = "libc++";
				CLANG_ENABLE_MODULES = YES;
				CLANG_ENABLE_OBJC_ARC = YES;
				CLANG_ENABLE_OBJC_WEAK = YES;
				CLANG_WARN_BLOCK_CAPTURE_AUTORELEASING = YES;
				CLANG_WARN_BOOL_CONVERSION = YES;
				CLANG_WARN_COMMA = YES;
				CLANG_WARN_CONSTANT_CONVERSION = YES;
				CLANG_WARN_DEPRECATED_OBJC_IMPLEMENTATIONS = YES;
				CLANG_WARN_DIRECT_OBJC_ISA_USAGE = YES_ERROR;
				CLANG_WARN_DOCUMENTATION_COMMENTS = YES;
				CLANG_WARN_EMPTY_BODY = YES;
				CLANG_WARN_ENUM_CONVERSION = YES;
				CLANG_WARN_INFINITE_RECURSION = YES;
				CLANG_WARN_INT_CONVERSION = YES;
				CLANG_WARN_NON_LITERAL_NULL_CONVERSION = YES;
				CLANG_WARN_OBJC_IMPLICIT_RETAIN_SELF = YES;
				CLANG_WARN_OBJC_LITERAL_CONVERSION = YES;
				CLANG_WARN_OBJC_ROOT_CLASS = YES_ERROR;
				CLANG_WARN_RANGE_LOOP_ANALYSIS = YES;
				CLANG_WARN_STRICT_PROTOTYPES = YES;
				CLANG_WARN_SUSPICIOUS_MOVE = YES;
				CLANG_WARN_UNGUARDED_AVAILABILITY = YES_AGGRESSIVE;
				CLANG_WARN_UNREACHABLE_CODE = YES;
				CLANG_WARN__DUPLICATE_METHOD_MATCH = YES;
				CODE_SIGN_IDENTITY = "iPhone Developer";
				COPY_PHASE_STRIP = NO;
				DEBUG_INFORMATION_FORMAT = dwarf;
				ENABLE_STRICT_OBJC_MSGSEND = YES;
				ENABLE_TESTABILITY = YES;
				GCC_C_LANGUAGE_STANDARD = gnu11;
				GCC_DYNAMIC_NO_PIC = NO;
				GCC_NO_COMMON_BLOCKS = YES;
				GCC_OPTIMIZATION_LEVEL = 0;
				GCC_PREPROCESSOR_DEFINITIONS = (
					"DEBUG=1",
					"$(inherited)",
				);
				GCC_WARN_64_TO_32_BIT_CONVERSION = YES;
				GCC_WARN_ABOUT_RETURN_TYPE = YES_ERROR;
				GCC_WARN_UNDECLARED_SELECTOR = YES;
				GCC_WARN_UNINITIALIZED_AUTOS = YES_AGGRESSIVE;
				GCC_WARN_UNUSED_FUNCTION = YES;
				GCC_WARN_UNUSED_VARIABLE = YES;
				IPHONEOS_DEPLOYMENT_TARGET = 12.0;
				MTL_ENABLE_DEBUG_INFO = INCLUDE_SOURCE;
				MTL_FAST_MATH = YES;
				ONLY_ACTIVE_ARCH = YES;
				SDKROOT = iphoneos;
				SWIFT_ACTIVE_COMPILATION_CONDITIONS = DEBUG;
				SWIFT_OPTIMIZATION_LEVEL = "-Onone";
			};
			name = Debug;
		};
		BBAE7CE821CD05F500C30084 /* Release */ = {
			isa = XCBuildConfiguration;
			buildSettings = {
				ALWAYS_SEARCH_USER_PATHS = NO;
				CLANG_ANALYZER_NONNULL = YES;
				CLANG_ANALYZER_NUMBER_OBJECT_CONVERSION = YES_AGGRESSIVE;
				CLANG_CXX_LANGUAGE_STANDARD = "gnu++14";
				CLANG_CXX_LIBRARY = "libc++";
				CLANG_ENABLE_MODULES = YES;
				CLANG_ENABLE_OBJC_ARC = YES;
				CLANG_ENABLE_OBJC_WEAK = YES;
				CLANG_WARN_BLOCK_CAPTURE_AUTORELEASING = YES;
				CLANG_WARN_BOOL_CONVERSION = YES;
				CLANG_WARN_COMMA = YES;
				CLANG_WARN_CONSTANT_CONVERSION = YES;
				CLANG_WARN_DEPRECATED_OBJC_IMPLEMENTATIONS = YES;
				CLANG_WARN_DIRECT_OBJC_ISA_USAGE = YES_ERROR;
				CLANG_WARN_DOCUMENTATION_COMMENTS = YES;
				CLANG_WARN_EMPTY_BODY = YES;
				CLANG_WARN_ENUM_CONVERSION = YES;
				CLANG_WARN_INFINITE_RECURSION = YES;
				CLANG_WARN_INT_CONVERSION = YES;
				CLANG_WARN_NON_LITERAL_NULL_CONVERSION = YES;
				CLANG_WARN_OBJC_IMPLICIT_RETAIN_SELF = YES;
				CLANG_WARN_OBJC_LITERAL_CONVERSION = YES;
				CLANG_WARN_OBJC_ROOT_CLASS = YES_ERROR;
				CLANG_WARN_RANGE_LOOP_ANALYSIS = YES;
				CLANG_WARN_STRICT_PROTOTYPES = YES;
				CLANG_WARN_SUSPICIOUS_MOVE = YES;
				CLANG_WARN_UNGUARDED_AVAILABILITY = YES_AGGRESSIVE;
				CLANG_WARN_UNREACHABLE_CODE = YES;
				CLANG_WARN__DUPLICATE_METHOD_MATCH = YES;
				CODE_SIGN_IDENTITY = "iPhone Developer";
				COPY_PHASE_STRIP = NO;
				DEBUG_INFORMATION_FORMAT = "dwarf-with-dsym";
				ENABLE_NS_ASSERTIONS = NO;
				ENABLE_STRICT_OBJC_MSGSEND = YES;
				GCC_C_LANGUAGE_STANDARD = gnu11;
				GCC_NO_COMMON_BLOCKS = YES;
				GCC_WARN_64_TO_32_BIT_CONVERSION = YES;
				GCC_WARN_ABOUT_RETURN_TYPE = YES_ERROR;
				GCC_WARN_UNDECLARED_SELECTOR = YES;
				GCC_WARN_UNINITIALIZED_AUTOS = YES_AGGRESSIVE;
				GCC_WARN_UNUSED_FUNCTION = YES;
				GCC_WARN_UNUSED_VARIABLE = YES;
				IPHONEOS_DEPLOYMENT_TARGET = 12.0;
				MTL_ENABLE_DEBUG_INFO = NO;
				MTL_FAST_MATH = YES;
				SDKROOT = iphoneos;
				SWIFT_COMPILATION_MODE = wholemodule;
				SWIFT_OPTIMIZATION_LEVEL = "-O";
				VALIDATE_PRODUCT = YES;
			};
			name = Release;
		};
		BBAE7CEA21CD05F500C30084 /* Debug */ = {
			isa = XCBuildConfiguration;
			baseConfigurationReference = A76026F64D0D8832DDC3D35D /* Pods-Quizfirebase.debug.xcconfig */;
			buildSettings = {
				ASSETCATALOG_COMPILER_APPICON_NAME = AppIcon;
				CODE_SIGN_STYLE = Automatic;
				INFOPLIST_FILE = Quizfirebase/Info.plist;
				LD_RUNPATH_SEARCH_PATHS = (
					"$(inherited)",
					"@executable_path/Frameworks",
				);
				PRODUCT_BUNDLE_IDENTIFIER = yuasa.num.Quizfirebase;
				PRODUCT_NAME = "$(TARGET_NAME)";
				SWIFT_VERSION = 4.2;
				TARGETED_DEVICE_FAMILY = "1,2";
			};
			name = Debug;
		};
		BBAE7CEB21CD05F500C30084 /* Release */ = {
			isa = XCBuildConfiguration;
			baseConfigurationReference = DAD85EF38A342961EFAA271A /* Pods-Quizfirebase.release.xcconfig */;
			buildSettings = {
				ASSETCATALOG_COMPILER_APPICON_NAME = AppIcon;
				CODE_SIGN_STYLE = Automatic;
				INFOPLIST_FILE = Quizfirebase/Info.plist;
				LD_RUNPATH_SEARCH_PATHS = (
					"$(inherited)",
					"@executable_path/Frameworks",
				);
				PRODUCT_BUNDLE_IDENTIFIER = yuasa.num.Quizfirebase;
				PRODUCT_NAME = "$(TARGET_NAME)";
				SWIFT_VERSION = 4.2;
				TARGETED_DEVICE_FAMILY = "1,2";
			};
			name = Release;
		};
/* End XCBuildConfiguration section */

/* Begin XCConfigurationList section */
		BBAE7CD221CD05F400C30084 /* Build configuration list for PBXProject "Quizfirebase" */ = {
			isa = XCConfigurationList;
			buildConfigurations = (
				BBAE7CE721CD05F500C30084 /* Debug */,
				BBAE7CE821CD05F500C30084 /* Release */,
			);
			defaultConfigurationIsVisible = 0;
			defaultConfigurationName = Release;
		};
		BBAE7CE921CD05F500C30084 /* Build configuration list for PBXNativeTarget "Quizfirebase" */ = {
			isa = XCConfigurationList;
			buildConfigurations = (
				BBAE7CEA21CD05F500C30084 /* Debug */,
				BBAE7CEB21CD05F500C30084 /* Release */,
			);
			defaultConfigurationIsVisible = 0;
			defaultConfigurationName = Release;
		};
/* End XCConfigurationList section */
	};
	rootObject = BBAE7CCF21CD05F400C30084 /* Project object */;
}
